
Microsoft Visual Studio Solution File, Format Version 12.00
# Visual Studio Version 16
VisualStudioVersion = 16.0.29709.97
MinimumVisualStudioVersion = 10.0.40219.1
Project("{9A19103F-16F7-4668-BE54-9A1E7A4F7556}") = "Equinor.Procosys.Messaging", "Equinor.Procosys.Messaging\Equinor.Procosys.Messaging.csproj", "{B1453C8C-CC04-4188-A4CE-5C45292FAB1D}"
EndProject
Global
	GlobalSection(SolutionConfigurationPlatforms) = preSolution
		Debug|Any CPU = Debug|Any CPU
		Release|Any CPU = Release|Any CPU
	EndGlobalSection
	GlobalSection(ProjectConfigurationPlatforms) = postSolution
		{B1453C8C-CC04-4188-A4CE-5C45292FAB1D}.Debug|Any CPU.ActiveCfg = Debug|Any CPU
		{B1453C8C-CC04-4188-A4CE-5C45292FAB1D}.Debug|Any CPU.Build.0 = Debug|Any CPU
		{B1453C8C-CC04-4188-A4CE-5C45292FAB1D}.Release|Any CPU.ActiveCfg = Release|Any CPU
		{B1453C8C-CC04-4188-A4CE-5C45292FAB1D}.Release|Any CPU.Build.0 = Release|Any CPU
	EndGlobalSection
	GlobalSection(SolutionProperties) = preSolution
		HideSolutionNode = FALSE
	EndGlobalSection
	GlobalSection(ExtensibilityGlobals) = postSolution
		SolutionGuid = {BA1F6437-C3DD-452C-9074-037A0303DC52}
	EndGlobalSection
EndGlobal
